// !$*UTF8*$!
{
	archiveVersion = 1;
	classes = {
	};
	objectVersion = 50;
	objects = {

/* Begin PBXBuildFile section */
		605F352E25E4CAE600740130 /* HomeView.swift in Sources */ = {isa = PBXBuildFile; fileRef = 605F352D25E4CAE600740130 /* HomeView.swift */; };
		606CE40025E0ED1300219E2A /* ImageLoader.swift in Sources */ = {isa = PBXBuildFile; fileRef = 606CE3FF25E0ED1300219E2A /* ImageLoader.swift */; };
		606CE40525E0F02400219E2A /* ActivityIndicatorView.swift in Sources */ = {isa = PBXBuildFile; fileRef = 606CE40425E0F02400219E2A /* ActivityIndicatorView.swift */; };
		606CE40A25E0F21700219E2A /* WenView.swift in Sources */ = {isa = PBXBuildFile; fileRef = 606CE40925E0F21700219E2A /* WenView.swift */; };
		606CE40F25E0F38000219E2A /* RestAnnotation.swift in Sources */ = {isa = PBXBuildFile; fileRef = 606CE40E25E0F38000219E2A /* RestAnnotation.swift */; };
		606CE41425E0F44300219E2A /* LocationManager.swift in Sources */ = {isa = PBXBuildFile; fileRef = 606CE41325E0F44300219E2A /* LocationManager.swift */; };
		608F498725E37B1C00A5D4A1 /* CuisinesVM.swift in Sources */ = {isa = PBXBuildFile; fileRef = 608F498625E37B1C00A5D4A1 /* CuisinesVM.swift */; };
		608F498F25E37D8900A5D4A1 /* CitiesVM.swift in Sources */ = {isa = PBXBuildFile; fileRef = 608F498E25E37D8900A5D4A1 /* CitiesVM.swift */; };
		608F499425E37FEE00A5D4A1 /* LocationSearchVM.swift in Sources */ = {isa = PBXBuildFile; fileRef = 608F499325E37FEE00A5D4A1 /* LocationSearchVM.swift */; };
		608F499925E3890900A5D4A1 /* UserLocationVM.swift in Sources */ = {isa = PBXBuildFile; fileRef = 608F499825E3890900A5D4A1 /* UserLocationVM.swift */; };
		608F499F25E38E4500A5D4A1 /* RestaruntVM.swift in Sources */ = {isa = PBXBuildFile; fileRef = 608F499E25E38E4500A5D4A1 /* RestaruntVM.swift */; };
		608F49A825E39D2500A5D4A1 /* RestaurantLocationView.swift in Sources */ = {isa = PBXBuildFile; fileRef = 608F49A725E39D2500A5D4A1 /* RestaurantLocationView.swift */; };
		608F49AD25E39DF900A5D4A1 /* MapView.swift in Sources */ = {isa = PBXBuildFile; fileRef = 608F49AC25E39DF900A5D4A1 /* MapView.swift */; };
		608F49B225E3AEDA00A5D4A1 /* RestaurantLisyImageView.swift in Sources */ = {isa = PBXBuildFile; fileRef = 608F49B125E3AEDA00A5D4A1 /* RestaurantLisyImageView.swift */; };
		608F49B725E3B36900A5D4A1 /* RestaurantSListROW VIEW.swift in Sources */ = {isa = PBXBuildFile; fileRef = 608F49B625E3B36900A5D4A1 /* RestaurantSListROW VIEW.swift */; };
		608F49BF25E3BD6E00A5D4A1 /* RestaurantListView.swift in Sources */ = {isa = PBXBuildFile; fileRef = 608F49BE25E3BD6E00A5D4A1 /* RestaurantListView.swift */; };
		608F49C525E3CB5700A5D4A1 /* CitiesView.swift in Sources */ = {isa = PBXBuildFile; fileRef = 608F49C425E3CB5700A5D4A1 /* CitiesView.swift */; };
		608F49D025E3D08400A5D4A1 /* CuisinesUI.swift in Sources */ = {isa = PBXBuildFile; fileRef = 608F49CF25E3D08400A5D4A1 /* CuisinesUI.swift */; };
		60B2C2992626D5F300F6BFE5 /* RestarantDetailView.swift in Sources */ = {isa = PBXBuildFile; fileRef = 60B2C2982626D5F300F6BFE5 /* RestarantDetailView.swift */; };
		60BFCD5225DFD04400BD9A83 /* AppDelegate.swift in Sources */ = {isa = PBXBuildFile; fileRef = 60BFCD5125DFD04400BD9A83 /* AppDelegate.swift */; };
		60BFCD5425DFD04400BD9A83 /* SceneDelegate.swift in Sources */ = {isa = PBXBuildFile; fileRef = 60BFCD5325DFD04400BD9A83 /* SceneDelegate.swift */; };
		60BFCD5625DFD04400BD9A83 /* ContentView.swift in Sources */ = {isa = PBXBuildFile; fileRef = 60BFCD5525DFD04400BD9A83 /* ContentView.swift */; };
		60BFCD5825DFD04700BD9A83 /* Assets.xcassets in Resources */ = {isa = PBXBuildFile; fileRef = 60BFCD5725DFD04700BD9A83 /* Assets.xcassets */; };
		60BFCD5B25DFD04700BD9A83 /* Preview Assets.xcassets in Resources */ = {isa = PBXBuildFile; fileRef = 60BFCD5A25DFD04700BD9A83 /* Preview Assets.xcassets */; };
		60BFCD5E25DFD04700BD9A83 /* LaunchScreen.storyboard in Resources */ = {isa = PBXBuildFile; fileRef = 60BFCD5C25DFD04700BD9A83 /* LaunchScreen.storyboard */; };
		60BFCD6925DFD04700BD9A83 /* RestarantAppUsingZomatoApiTests.swift in Sources */ = {isa = PBXBuildFile; fileRef = 60BFCD6825DFD04700BD9A83 /* RestarantAppUsingZomatoApiTests.swift */; };
		60BFCD7425DFD04700BD9A83 /* RestarantAppUsingZomatoApiUITests.swift in Sources */ = {isa = PBXBuildFile; fileRef = 60BFCD7325DFD04700BD9A83 /* RestarantAppUsingZomatoApiUITests.swift */; };
		60BFCD8825DFD1BD00BD9A83 /* ZomatoAPi.swift in Sources */ = {isa = PBXBuildFile; fileRef = 60BFCD8725DFD1BD00BD9A83 /* ZomatoAPi.swift */; };
		60BFCD9225DFD56300BD9A83 /* LocationSearchFile.swift in Sources */ = {isa = PBXBuildFile; fileRef = 60BFCD9125DFD56300BD9A83 /* LocationSearchFile.swift */; };
		60BFCD9A25DFDCF500BD9A83 /* UserLocation.swift in Sources */ = {isa = PBXBuildFile; fileRef = 60BFCD9925DFDCF500BD9A83 /* UserLocation.swift */; };
		60BFCD9F25DFE07F00BD9A83 /* Cuisines.swift in Sources */ = {isa = PBXBuildFile; fileRef = 60BFCD9E25DFE07F00BD9A83 /* Cuisines.swift */; };
		60BFCDA425DFE08D00BD9A83 /* City.swift in Sources */ = {isa = PBXBuildFile; fileRef = 60BFCDA325DFE08D00BD9A83 /* City.swift */; };
		60BFCDAA25DFE51100BD9A83 /* RestaurantModel.swift in Sources */ = {isa = PBXBuildFile; fileRef = 60BFCDA925DFE51100BD9A83 /* RestaurantModel.swift */; };
		60BFCDB225DFF4A000BD9A83 /* Zomatoerror.swift in Sources */ = {isa = PBXBuildFile; fileRef = 60BFCDB125DFF4A000BD9A83 /* Zomatoerror.swift */; };
/* End PBXBuildFile section */

/* Begin PBXContainerItemProxy section */
		60BFCD6525DFD04700BD9A83 /* PBXContainerItemProxy */ = {
			isa = PBXContainerItemProxy;
			containerPortal = 60BFCD4625DFD04400BD9A83 /* Project object */;
			proxyType = 1;
			remoteGlobalIDString = 60BFCD4D25DFD04400BD9A83;
			remoteInfo = RestarantAppUsingZomatoApi;
		};
		60BFCD7025DFD04700BD9A83 /* PBXContainerItemProxy */ = {
			isa = PBXContainerItemProxy;
			containerPortal = 60BFCD4625DFD04400BD9A83 /* Project object */;
			proxyType = 1;
			remoteGlobalIDString = 60BFCD4D25DFD04400BD9A83;
			remoteInfo = RestarantAppUsingZomatoApi;
		};
/* End PBXContainerItemProxy section */

/* Begin PBXFileReference section */
		605F352D25E4CAE600740130 /* HomeView.swift */ = {isa = PBXFileReference; lastKnownFileType = sourcecode.swift; path = HomeView.swift; sourceTree = "<group>"; };
		606CE3FF25E0ED1300219E2A /* ImageLoader.swift */ = {isa = PBXFileReference; lastKnownFileType = sourcecode.swift; path = ImageLoader.swift; sourceTree = "<group>"; };
		606CE40425E0F02400219E2A /* ActivityIndicatorView.swift */ = {isa = PBXFileReference; lastKnownFileType = sourcecode.swift; path = ActivityIndicatorView.swift; sourceTree = "<group>"; };
		606CE40925E0F21700219E2A /* WenView.swift */ = {isa = PBXFileReference; lastKnownFileType = sourcecode.swift; path = WenView.swift; sourceTree = "<group>"; };
		606CE40E25E0F38000219E2A /* RestAnnotation.swift */ = {isa = PBXFileReference; lastKnownFileType = sourcecode.swift; path = RestAnnotation.swift; sourceTree = "<group>"; };
		606CE41325E0F44300219E2A /* LocationManager.swift */ = {isa = PBXFileReference; lastKnownFileType = sourcecode.swift; path = LocationManager.swift; sourceTree = "<group>"; };
		608F498625E37B1C00A5D4A1 /* CuisinesVM.swift */ = {isa = PBXFileReference; lastKnownFileType = sourcecode.swift; path = CuisinesVM.swift; sourceTree = "<group>"; };
		608F498E25E37D8900A5D4A1 /* CitiesVM.swift */ = {isa = PBXFileReference; lastKnownFileType = sourcecode.swift; path = CitiesVM.swift; sourceTree = "<group>"; };
		608F499325E37FEE00A5D4A1 /* LocationSearchVM.swift */ = {isa = PBXFileReference; lastKnownFileType = sourcecode.swift; path = LocationSearchVM.swift; sourceTree = "<group>"; };
		608F499825E3890900A5D4A1 /* UserLocationVM.swift */ = {isa = PBXFileReference; lastKnownFileType = sourcecode.swift; path = UserLocationVM.swift; sourceTree = "<group>"; };
		608F499E25E38E4500A5D4A1 /* RestaruntVM.swift */ = {isa = PBXFileReference; lastKnownFileType = sourcecode.swift; path = RestaruntVM.swift; sourceTree = "<group>"; };
		608F49A725E39D2500A5D4A1 /* RestaurantLocationView.swift */ = {isa = PBXFileReference; lastKnownFileType = sourcecode.swift; path = RestaurantLocationView.swift; sourceTree = "<group>"; };
		608F49AC25E39DF900A5D4A1 /* MapView.swift */ = {isa = PBXFileReference; lastKnownFileType = sourcecode.swift; path = MapView.swift; sourceTree = "<group>"; };
		608F49B125E3AEDA00A5D4A1 /* RestaurantLisyImageView.swift */ = {isa = PBXFileReference; lastKnownFileType = sourcecode.swift; path = RestaurantLisyImageView.swift; sourceTree = "<group>"; };
		608F49B625E3B36900A5D4A1 /* RestaurantSListROW VIEW.swift */ = {isa = PBXFileReference; lastKnownFileType = sourcecode.swift; path = "RestaurantSListROW VIEW.swift"; sourceTree = "<group>"; };
		608F49BE25E3BD6E00A5D4A1 /* RestaurantListView.swift */ = {isa = PBXFileReference; lastKnownFileType = sourcecode.swift; path = RestaurantListView.swift; sourceTree = "<group>"; };
		608F49C425E3CB5700A5D4A1 /* CitiesView.swift */ = {isa = PBXFileReference; lastKnownFileType = sourcecode.swift; path = CitiesView.swift; sourceTree = "<group>"; };
		608F49CF25E3D08400A5D4A1 /* CuisinesUI.swift */ = {isa = PBXFileReference; lastKnownFileType = sourcecode.swift; path = CuisinesUI.swift; sourceTree = "<group>"; };
		60B2C2982626D5F300F6BFE5 /* RestarantDetailView.swift */ = {isa = PBXFileReference; lastKnownFileType = sourcecode.swift; path = RestarantDetailView.swift; sourceTree = "<group>"; };
		60BFCD4E25DFD04400BD9A83 /* RestarantAppUsingZomatoApi.app */ = {isa = PBXFileReference; explicitFileType = wrapper.application; includeInIndex = 0; path = RestarantAppUsingZomatoApi.app; sourceTree = BUILT_PRODUCTS_DIR; };
		60BFCD5125DFD04400BD9A83 /* AppDelegate.swift */ = {isa = PBXFileReference; lastKnownFileType = sourcecode.swift; path = AppDelegate.swift; sourceTree = "<group>"; };
		60BFCD5325DFD04400BD9A83 /* SceneDelegate.swift */ = {isa = PBXFileReference; lastKnownFileType = sourcecode.swift; path = SceneDelegate.swift; sourceTree = "<group>"; };
		60BFCD5525DFD04400BD9A83 /* ContentView.swift */ = {isa = PBXFileReference; lastKnownFileType = sourcecode.swift; path = ContentView.swift; sourceTree = "<group>"; };
		60BFCD5725DFD04700BD9A83 /* Assets.xcassets */ = {isa = PBXFileReference; lastKnownFileType = folder.assetcatalog; path = Assets.xcassets; sourceTree = "<group>"; };
		60BFCD5A25DFD04700BD9A83 /* Preview Assets.xcassets */ = {isa = PBXFileReference; lastKnownFileType = folder.assetcatalog; path = "Preview Assets.xcassets"; sourceTree = "<group>"; };
		60BFCD5D25DFD04700BD9A83 /* Base */ = {isa = PBXFileReference; lastKnownFileType = file.storyboard; name = Base; path = Base.lproj/LaunchScreen.storyboard; sourceTree = "<group>"; };
		60BFCD5F25DFD04700BD9A83 /* Info.plist */ = {isa = PBXFileReference; lastKnownFileType = text.plist.xml; path = Info.plist; sourceTree = "<group>"; };
		60BFCD6425DFD04700BD9A83 /* RestarantAppUsingZomatoApiTests.xctest */ = {isa = PBXFileReference; explicitFileType = wrapper.cfbundle; includeInIndex = 0; path = RestarantAppUsingZomatoApiTests.xctest; sourceTree = BUILT_PRODUCTS_DIR; };
		60BFCD6825DFD04700BD9A83 /* RestarantAppUsingZomatoApiTests.swift */ = {isa = PBXFileReference; lastKnownFileType = sourcecode.swift; path = RestarantAppUsingZomatoApiTests.swift; sourceTree = "<group>"; };
		60BFCD6A25DFD04700BD9A83 /* Info.plist */ = {isa = PBXFileReference; lastKnownFileType = text.plist.xml; path = Info.plist; sourceTree = "<group>"; };
		60BFCD6F25DFD04700BD9A83 /* RestarantAppUsingZomatoApiUITests.xctest */ = {isa = PBXFileReference; explicitFileType = wrapper.cfbundle; includeInIndex = 0; path = RestarantAppUsingZomatoApiUITests.xctest; sourceTree = BUILT_PRODUCTS_DIR; };
		60BFCD7325DFD04700BD9A83 /* RestarantAppUsingZomatoApiUITests.swift */ = {isa = PBXFileReference; lastKnownFileType = sourcecode.swift; path = RestarantAppUsingZomatoApiUITests.swift; sourceTree = "<group>"; };
		60BFCD7525DFD04700BD9A83 /* Info.plist */ = {isa = PBXFileReference; lastKnownFileType = text.plist.xml; path = Info.plist; sourceTree = "<group>"; };
		60BFCD8725DFD1BD00BD9A83 /* ZomatoAPi.swift */ = {isa = PBXFileReference; lastKnownFileType = sourcecode.swift; path = ZomatoAPi.swift; sourceTree = "<group>"; };
		60BFCD9125DFD56300BD9A83 /* LocationSearchFile.swift */ = {isa = PBXFileReference; lastKnownFileType = sourcecode.swift; path = LocationSearchFile.swift; sourceTree = "<group>"; };
		60BFCD9925DFDCF500BD9A83 /* UserLocation.swift */ = {isa = PBXFileReference; lastKnownFileType = sourcecode.swift; path = UserLocation.swift; sourceTree = "<group>"; };
		60BFCD9E25DFE07F00BD9A83 /* Cuisines.swift */ = {isa = PBXFileReference; lastKnownFileType = sourcecode.swift; path = Cuisines.swift; sourceTree = "<group>"; };
		60BFCDA325DFE08D00BD9A83 /* City.swift */ = {isa = PBXFileReference; lastKnownFileType = sourcecode.swift; path = City.swift; sourceTree = "<group>"; };
		60BFCDA925DFE51100BD9A83 /* RestaurantModel.swift */ = {isa = PBXFileReference; lastKnownFileType = sourcecode.swift; path = RestaurantModel.swift; sourceTree = "<group>"; };
		60BFCDB125DFF4A000BD9A83 /* Zomatoerror.swift */ = {isa = PBXFileReference; lastKnownFileType = sourcecode.swift; path = Zomatoerror.swift; sourceTree = "<group>"; };
/* End PBXFileReference section */

/* Begin PBXFrameworksBuildPhase section */
		60BFCD4B25DFD04400BD9A83 /* Frameworks */ = {
			isa = PBXFrameworksBuildPhase;
			buildActionMask = 2147483647;
			files = (
			);
			runOnlyForDeploymentPostprocessing = 0;
		};
		60BFCD6125DFD04700BD9A83 /* Frameworks */ = {
			isa = PBXFrameworksBuildPhase;
			buildActionMask = 2147483647;
			files = (
			);
			runOnlyForDeploymentPostprocessing = 0;
		};
		60BFCD6C25DFD04700BD9A83 /* Frameworks */ = {
			isa = PBXFrameworksBuildPhase;
			buildActionMask = 2147483647;
			files = (
			);
			runOnlyForDeploymentPostprocessing = 0;
		};
/* End PBXFrameworksBuildPhase section */

/* Begin PBXGroup section */
		606CE41925E0FDF800219E2A /* Model */ = {
			isa = PBXGroup;
			children = (
				60BFCDA925DFE51100BD9A83 /* RestaurantModel.swift */,
			);
			path = Model;
			sourceTree = "<group>";
		};
		608F498525E37AC200A5D4A1 /* ViewModel */ = {
			isa = PBXGroup;
			children = (
				608F498625E37B1C00A5D4A1 /* CuisinesVM.swift */,
				608F498E25E37D8900A5D4A1 /* CitiesVM.swift */,
				608F499325E37FEE00A5D4A1 /* LocationSearchVM.swift */,
				608F499825E3890900A5D4A1 /* UserLocationVM.swift */,
			);
			path = ViewModel;
			sourceTree = "<group>";
		};
		608F499D25E38E2300A5D4A1 /* ViewModel */ = {
			isa = PBXGroup;
			children = (
				608F499E25E38E4500A5D4A1 /* RestaruntVM.swift */,
			);
			path = ViewModel;
			sourceTree = "<group>";
		};
		608F49A625E39BD400A5D4A1 /* UI */ = {
			isa = PBXGroup;
			children = (
				608F49A725E39D2500A5D4A1 /* RestaurantLocationView.swift */,
				608F49AC25E39DF900A5D4A1 /* MapView.swift */,
				608F49B125E3AEDA00A5D4A1 /* RestaurantLisyImageView.swift */,
				608F49B625E3B36900A5D4A1 /* RestaurantSListROW VIEW.swift */,
				608F49BE25E3BD6E00A5D4A1 /* RestaurantListView.swift */,
				60B2C2982626D5F300F6BFE5 /* RestarantDetailView.swift */,
			);
			path = UI;
			sourceTree = "<group>";
		};
		608F49C325E3CB3D00A5D4A1 /* UI */ = {
			isa = PBXGroup;
			children = (
				608F49C425E3CB5700A5D4A1 /* CitiesView.swift */,
				608F49CF25E3D08400A5D4A1 /* CuisinesUI.swift */,
				605F352D25E4CAE600740130 /* HomeView.swift */,
			);
			path = UI;
			sourceTree = "<group>";
		};
		60BFCD4525DFD04400BD9A83 = {
			isa = PBXGroup;
			children = (
				60BFCD5025DFD04400BD9A83 /* RestarantAppUsingZomatoApi */,
				60BFCD6725DFD04700BD9A83 /* RestarantAppUsingZomatoApiTests */,
				60BFCD7225DFD04700BD9A83 /* RestarantAppUsingZomatoApiUITests */,
				60BFCD4F25DFD04400BD9A83 /* Products */,
			);
			sourceTree = "<group>";
		};
		60BFCD4F25DFD04400BD9A83 /* Products */ = {
			isa = PBXGroup;
			children = (
				60BFCD4E25DFD04400BD9A83 /* RestarantAppUsingZomatoApi.app */,
				60BFCD6425DFD04700BD9A83 /* RestarantAppUsingZomatoApiTests.xctest */,
				60BFCD6F25DFD04700BD9A83 /* RestarantAppUsingZomatoApiUITests.xctest */,
			);
			name = Products;
			sourceTree = "<group>";
		};
		60BFCD5025DFD04400BD9A83 /* RestarantAppUsingZomatoApi */ = {
			isa = PBXGroup;
			children = (
				60BFCDA825DFE39C00BD9A83 /* RestaurantsList */,
				60BFCD8F25DFD50100BD9A83 /* Home */,
				60BFCD8425DFD12500BD9A83 /* Services */,
				60BFCD5125DFD04400BD9A83 /* AppDelegate.swift */,
				60BFCD5325DFD04400BD9A83 /* SceneDelegate.swift */,
				60BFCD5525DFD04400BD9A83 /* ContentView.swift */,
				60BFCD5725DFD04700BD9A83 /* Assets.xcassets */,
				60BFCD5C25DFD04700BD9A83 /* LaunchScreen.storyboard */,
				60BFCD5F25DFD04700BD9A83 /* Info.plist */,
				60BFCD5925DFD04700BD9A83 /* Preview Content */,
			);
			path = RestarantAppUsingZomatoApi;
			sourceTree = "<group>";
		};
		60BFCD5925DFD04700BD9A83 /* Preview Content */ = {
			isa = PBXGroup;
			children = (
				60BFCD5A25DFD04700BD9A83 /* Preview Assets.xcassets */,
			);
			path = "Preview Content";
			sourceTree = "<group>";
		};
		60BFCD6725DFD04700BD9A83 /* RestarantAppUsingZomatoApiTests */ = {
			isa = PBXGroup;
			children = (
				60BFCD6825DFD04700BD9A83 /* RestarantAppUsingZomatoApiTests.swift */,
				60BFCD6A25DFD04700BD9A83 /* Info.plist */,
			);
			path = RestarantAppUsingZomatoApiTests;
			sourceTree = "<group>";
		};
		60BFCD7225DFD04700BD9A83 /* RestarantAppUsingZomatoApiUITests */ = {
			isa = PBXGroup;
			children = (
				60BFCD7325DFD04700BD9A83 /* RestarantAppUsingZomatoApiUITests.swift */,
				60BFCD7525DFD04700BD9A83 /* Info.plist */,
			);
			path = RestarantAppUsingZomatoApiUITests;
			sourceTree = "<group>";
		};
		60BFCD8425DFD12500BD9A83 /* Services */ = {
			isa = PBXGroup;
			children = (
				60BFCD8625DFD15700BD9A83 /* UI */,
				60BFCD8525DFD14C00BD9A83 /* APi */,
			);
			path = Services;
			sourceTree = "<group>";
		};
		60BFCD8525DFD14C00BD9A83 /* APi */ = {
			isa = PBXGroup;
			children = (
				60BFCD8725DFD1BD00BD9A83 /* ZomatoAPi.swift */,
				60BFCDB125DFF4A000BD9A83 /* Zomatoerror.swift */,
			);
			path = APi;
			sourceTree = "<group>";
		};
		60BFCD8625DFD15700BD9A83 /* UI */ = {
			isa = PBXGroup;
			children = (
				606CE3FF25E0ED1300219E2A /* ImageLoader.swift */,
				606CE40425E0F02400219E2A /* ActivityIndicatorView.swift */,
				606CE40925E0F21700219E2A /* WenView.swift */,
				606CE40E25E0F38000219E2A /* RestAnnotation.swift */,
				606CE41325E0F44300219E2A /* LocationManager.swift */,
			);
			path = UI;
			sourceTree = "<group>";
		};
		60BFCD8F25DFD50100BD9A83 /* Home */ = {
			isa = PBXGroup;
			children = (
				608F49C325E3CB3D00A5D4A1 /* UI */,
				608F498525E37AC200A5D4A1 /* ViewModel */,
				60BFCD9025DFD51C00BD9A83 /* Model */,
			);
			path = Home;
			sourceTree = "<group>";
		};
		60BFCD9025DFD51C00BD9A83 /* Model */ = {
			isa = PBXGroup;
			children = (
				60BFCD9125DFD56300BD9A83 /* LocationSearchFile.swift */,
				60BFCD9925DFDCF500BD9A83 /* UserLocation.swift */,
				60BFCD9E25DFE07F00BD9A83 /* Cuisines.swift */,
				60BFCDA325DFE08D00BD9A83 /* City.swift */,
			);
			path = Model;
			sourceTree = "<group>";
		};
		60BFCDA825DFE39C00BD9A83 /* RestaurantsList */ = {
			isa = PBXGroup;
			children = (
				608F49A625E39BD400A5D4A1 /* UI */,
				608F499D25E38E2300A5D4A1 /* ViewModel */,
				606CE41925E0FDF800219E2A /* Model */,
			);
			path = RestaurantsList;
			sourceTree = "<group>";
		};
/* End PBXGroup section */

/* Begin PBXNativeTarget section */
		60BFCD4D25DFD04400BD9A83 /* RestarantAppUsingZomatoApi */ = {
			isa = PBXNativeTarget;
			buildConfigurationList = 60BFCD7825DFD04700BD9A83 /* Build configuration list for PBXNativeTarget "RestarantAppUsingZomatoApi" */;
			buildPhases = (
				60BFCD4A25DFD04400BD9A83 /* Sources */,
				60BFCD4B25DFD04400BD9A83 /* Frameworks */,
				60BFCD4C25DFD04400BD9A83 /* Resources */,
			);
			buildRules = (
			);
			dependencies = (
			);
			name = RestarantAppUsingZomatoApi;
			productName = RestarantAppUsingZomatoApi;
			productReference = 60BFCD4E25DFD04400BD9A83 /* RestarantAppUsingZomatoApi.app */;
			productType = "com.apple.product-type.application";
		};
		60BFCD6325DFD04700BD9A83 /* RestarantAppUsingZomatoApiTests */ = {
			isa = PBXNativeTarget;
			buildConfigurationList = 60BFCD7B25DFD04700BD9A83 /* Build configuration list for PBXNativeTarget "RestarantAppUsingZomatoApiTests" */;
			buildPhases = (
				60BFCD6025DFD04700BD9A83 /* Sources */,
				60BFCD6125DFD04700BD9A83 /* Frameworks */,
				60BFCD6225DFD04700BD9A83 /* Resources */,
			);
			buildRules = (
			);
			dependencies = (
				60BFCD6625DFD04700BD9A83 /* PBXTargetDependency */,
			);
			name = RestarantAppUsingZomatoApiTests;
			productName = RestarantAppUsingZomatoApiTests;
			productReference = 60BFCD6425DFD04700BD9A83 /* RestarantAppUsingZomatoApiTests.xctest */;
			productType = "com.apple.product-type.bundle.unit-test";
		};
		60BFCD6E25DFD04700BD9A83 /* RestarantAppUsingZomatoApiUITests */ = {
			isa = PBXNativeTarget;
			buildConfigurationList = 60BFCD7E25DFD04700BD9A83 /* Build configuration list for PBXNativeTarget "RestarantAppUsingZomatoApiUITests" */;
			buildPhases = (
				60BFCD6B25DFD04700BD9A83 /* Sources */,
				60BFCD6C25DFD04700BD9A83 /* Frameworks */,
				60BFCD6D25DFD04700BD9A83 /* Resources */,
			);
			buildRules = (
			);
			dependencies = (
				60BFCD7125DFD04700BD9A83 /* PBXTargetDependency */,
			);
			name = RestarantAppUsingZomatoApiUITests;
			productName = RestarantAppUsingZomatoApiUITests;
			productReference = 60BFCD6F25DFD04700BD9A83 /* RestarantAppUsingZomatoApiUITests.xctest */;
			productType = "com.apple.product-type.bundle.ui-testing";
		};
/* End PBXNativeTarget section */

/* Begin PBXProject section */
		60BFCD4625DFD04400BD9A83 /* Project object */ = {
			isa = PBXProject;
			attributes = {
				LastSwiftUpdateCheck = 1210;
				LastUpgradeCheck = 1210;
				TargetAttributes = {
					60BFCD4D25DFD04400BD9A83 = {
						CreatedOnToolsVersion = 12.1;
					};
					60BFCD6325DFD04700BD9A83 = {
						CreatedOnToolsVersion = 12.1;
						TestTargetID = 60BFCD4D25DFD04400BD9A83;
					};
					60BFCD6E25DFD04700BD9A83 = {
						CreatedOnToolsVersion = 12.1;
						TestTargetID = 60BFCD4D25DFD04400BD9A83;
					};
				};
			};
			buildConfigurationList = 60BFCD4925DFD04400BD9A83 /* Build configuration list for PBXProject "RestarantAppUsingZomatoApi" */;
			compatibilityVersion = "Xcode 9.3";
			developmentRegion = en;
			hasScannedForEncodings = 0;
			knownRegions = (
				en,
				Base,
			);
			mainGroup = 60BFCD4525DFD04400BD9A83;
			productRefGroup = 60BFCD4F25DFD04400BD9A83 /* Products */;
			projectDirPath = "";
			projectRoot = "";
			targets = (
				60BFCD4D25DFD04400BD9A83 /* RestarantAppUsingZomatoApi */,
				60BFCD6325DFD04700BD9A83 /* RestarantAppUsingZomatoApiTests */,
				60BFCD6E25DFD04700BD9A83 /* RestarantAppUsingZomatoApiUITests */,
			);
		};
/* End PBXProject section */

/* Begin PBXResourcesBuildPhase section */
		60BFCD4C25DFD04400BD9A83 /* Resources */ = {
			isa = PBXResourcesBuildPhase;
			buildActionMask = 2147483647;
			files = (
				60BFCD5E25DFD04700BD9A83 /* LaunchScreen.storyboard in Resources */,
				60BFCD5B25DFD04700BD9A83 /* Preview Assets.xcassets in Resources */,
				60BFCD5825DFD04700BD9A83 /* Assets.xcassets in Resources */,
			);
			runOnlyForDeploymentPostprocessing = 0;
		};
		60BFCD6225DFD04700BD9A83 /* Resources */ = {
			isa = PBXResourcesBuildPhase;
			buildActionMask = 2147483647;
			files = (
			);
			runOnlyForDeploymentPostprocessing = 0;
		};
		60BFCD6D25DFD04700BD9A83 /* Resources */ = {
			isa = PBXResourcesBuildPhase;
			buildActionMask = 2147483647;
			files = (
			);
			runOnlyForDeploymentPostprocessing = 0;
		};
/* End PBXResourcesBuildPhase section */

/* Begin PBXSourcesBuildPhase section */
		60BFCD4A25DFD04400BD9A83 /* Sources */ = {
			isa = PBXSourcesBuildPhase;
			buildActionMask = 2147483647;
			files = (
				608F498F25E37D8900A5D4A1 /* CitiesVM.swift in Sources */,
				605F352E25E4CAE600740130 /* HomeView.swift in Sources */,
				60BFCDB225DFF4A000BD9A83 /* Zomatoerror.swift in Sources */,
				608F498725E37B1C00A5D4A1 /* CuisinesVM.swift in Sources */,
				608F49AD25E39DF900A5D4A1 /* MapView.swift in Sources */,
				60BFCD5225DFD04400BD9A83 /* AppDelegate.swift in Sources */,
				606CE41425E0F44300219E2A /* LocationManager.swift in Sources */,
				60BFCDAA25DFE51100BD9A83 /* RestaurantModel.swift in Sources */,
				606CE40525E0F02400219E2A /* ActivityIndicatorView.swift in Sources */,
				60BFCD9F25DFE07F00BD9A83 /* Cuisines.swift in Sources */,
				60BFCD5425DFD04400BD9A83 /* SceneDelegate.swift in Sources */,
				606CE40025E0ED1300219E2A /* ImageLoader.swift in Sources */,
				608F49B725E3B36900A5D4A1 /* RestaurantSListROW VIEW.swift in Sources */,
				606CE40A25E0F21700219E2A /* WenView.swift in Sources */,
				606CE40F25E0F38000219E2A /* RestAnnotation.swift in Sources */,
				60BFCD8825DFD1BD00BD9A83 /* ZomatoAPi.swift in Sources */,
				608F49D025E3D08400A5D4A1 /* CuisinesUI.swift in Sources */,
				608F49C525E3CB5700A5D4A1 /* CitiesView.swift in Sources */,
				608F499925E3890900A5D4A1 /* UserLocationVM.swift in Sources */,
				60BFCD9A25DFDCF500BD9A83 /* UserLocation.swift in Sources */,
				60BFCD9225DFD56300BD9A83 /* LocationSearchFile.swift in Sources */,
				60B2C2992626D5F300F6BFE5 /* RestarantDetailView.swift in Sources */,
				608F49BF25E3BD6E00A5D4A1 /* RestaurantListView.swift in Sources */,
				608F49B225E3AEDA00A5D4A1 /* RestaurantLisyImageView.swift in Sources */,
				60BFCDA425DFE08D00BD9A83 /* City.swift in Sources */,
				60BFCD5625DFD04400BD9A83 /* ContentView.swift in Sources */,
				608F499425E37FEE00A5D4A1 /* LocationSearchVM.swift in Sources */,
				608F499F25E38E4500A5D4A1 /* RestaruntVM.swift in Sources */,
				608F49A825E39D2500A5D4A1 /* RestaurantLocationView.swift in Sources */,
			);
			runOnlyForDeploymentPostprocessing = 0;
		};
		60BFCD6025DFD04700BD9A83 /* Sources */ = {
			isa = PBXSourcesBuildPhase;
			buildActionMask = 2147483647;
			files = (
				60BFCD6925DFD04700BD9A83 /* RestarantAppUsingZomatoApiTests.swift in Sources */,
			);
			runOnlyForDeploymentPostprocessing = 0;
		};
		60BFCD6B25DFD04700BD9A83 /* Sources */ = {
			isa = PBXSourcesBuildPhase;
			buildActionMask = 2147483647;
			files = (
				60BFCD7425DFD04700BD9A83 /* RestarantAppUsingZomatoApiUITests.swift in Sources */,
			);
			runOnlyForDeploymentPostprocessing = 0;
		};
/* End PBXSourcesBuildPhase section */

/* Begin PBXTargetDependency section */
		60BFCD6625DFD04700BD9A83 /* PBXTargetDependency */ = {
			isa = PBXTargetDependency;
			target = 60BFCD4D25DFD04400BD9A83 /* RestarantAppUsingZomatoApi */;
			targetProxy = 60BFCD6525DFD04700BD9A83 /* PBXContainerItemProxy */;
		};
		60BFCD7125DFD04700BD9A83 /* PBXTargetDependency */ = {
			isa = PBXTargetDependency;
			target = 60BFCD4D25DFD04400BD9A83 /* RestarantAppUsingZomatoApi */;
			targetProxy = 60BFCD7025DFD04700BD9A83 /* PBXContainerItemProxy */;
		};
/* End PBXTargetDependency section */

/* Begin PBXVariantGroup section */
		60BFCD5C25DFD04700BD9A83 /* LaunchScreen.storyboard */ = {
			isa = PBXVariantGroup;
			children = (
				60BFCD5D25DFD04700BD9A83 /* Base */,
			);
			name = LaunchScreen.storyboard;
			sourceTree = "<group>";
		};
/* End PBXVariantGroup section */

/* Begin XCBuildConfiguration section */
		60BFCD7625DFD04700BD9A83 /* Debug */ = {
			isa = XCBuildConfiguration;
			buildSettings = {
				ALWAYS_SEARCH_USER_PATHS = NO;
				CLANG_ANALYZER_NONNULL = YES;
				CLANG_ANALYZER_NUMBER_OBJECT_CONVERSION = YES_AGGRESSIVE;
				CLANG_CXX_LANGUAGE_STANDARD = "gnu++14";
				CLANG_CXX_LIBRARY = "libc++";
				CLANG_ENABLE_MODULES = YES;
				CLANG_ENABLE_OBJC_ARC = YES;
				CLANG_ENABLE_OBJC_WEAK = YES;
				CLANG_WARN_BLOCK_CAPTURE_AUTORELEASING = YES;
				CLANG_WARN_BOOL_CONVERSION = YES;
				CLANG_WARN_COMMA = YES;
				CLANG_WARN_CONSTANT_CONVERSION = YES;
				CLANG_WARN_DEPRECATED_OBJC_IMPLEMENTATIONS = YES;
				CLANG_WARN_DIRECT_OBJC_ISA_USAGE = YES_ERROR;
				CLANG_WARN_DOCUMENTATION_COMMENTS = YES;
				CLANG_WARN_EMPTY_BODY = YES;
				CLANG_WARN_ENUM_CONVERSION = YES;
				CLANG_WARN_INFINITE_RECURSION = YES;
				CLANG_WARN_INT_CONVERSION = YES;
				CLANG_WARN_NON_LITERAL_NULL_CONVERSION = YES;
				CLANG_WARN_OBJC_IMPLICIT_RETAIN_SELF = YES;
				CLANG_WARN_OBJC_LITERAL_CONVERSION = YES;
				CLANG_WARN_OBJC_ROOT_CLASS = YES_ERROR;
				CLANG_WARN_QUOTED_INCLUDE_IN_FRAMEWORK_HEADER = YES;
				CLANG_WARN_RANGE_LOOP_ANALYSIS = YES;
				CLANG_WARN_STRICT_PROTOTYPES = YES;
				CLANG_WARN_SUSPICIOUS_MOVE = YES;
				CLANG_WARN_UNGUARDED_AVAILABILITY = YES_AGGRESSIVE;
				CLANG_WARN_UNREACHABLE_CODE = YES;
				CLANG_WARN__DUPLICATE_METHOD_MATCH = YES;
				COPY_PHASE_STRIP = NO;
				DEBUG_INFORMATION_FORMAT = dwarf;
				ENABLE_STRICT_OBJC_MSGSEND = YES;
				ENABLE_TESTABILITY = YES;
				GCC_C_LANGUAGE_STANDARD = gnu11;
				GCC_DYNAMIC_NO_PIC = NO;
				GCC_NO_COMMON_BLOCKS = YES;
				GCC_OPTIMIZATION_LEVEL = 0;
				GCC_PREPROCESSOR_DEFINITIONS = (
					"DEBUG=1",
					"$(inherited)",
				);
				GCC_WARN_64_TO_32_BIT_CONVERSION = YES;
				GCC_WARN_ABOUT_RETURN_TYPE = YES_ERROR;
				GCC_WARN_UNDECLARED_SELECTOR = YES;
				GCC_WARN_UNINITIALIZED_AUTOS = YES_AGGRESSIVE;
				GCC_WARN_UNUSED_FUNCTION = YES;
				GCC_WARN_UNUSED_VARIABLE = YES;
				IPHONEOS_DEPLOYMENT_TARGET = 14.1;
				MTL_ENABLE_DEBUG_INFO = INCLUDE_SOURCE;
				MTL_FAST_MATH = YES;
				ONLY_ACTIVE_ARCH = YES;
				SDKROOT = iphoneos;
				SWIFT_ACTIVE_COMPILATION_CONDITIONS = DEBUG;
				SWIFT_OPTIMIZATION_LEVEL = "-Onone";
			};
			name = Debug;
		};
		60BFCD7725DFD04700BD9A83 /* Release */ = {
			isa = XCBuildConfiguration;
			buildSettings = {
				ALWAYS_SEARCH_USER_PATHS = NO;
				CLANG_ANALYZER_NONNULL = YES;
				CLANG_ANALYZER_NUMBER_OBJECT_CONVERSION = YES_AGGRESSIVE;
				CLANG_CXX_LANGUAGE_STANDARD = "gnu++14";
				CLANG_CXX_LIBRARY = "libc++";
				CLANG_ENABLE_MODULES = YES;
				CLANG_ENABLE_OBJC_ARC = YES;
				CLANG_ENABLE_OBJC_WEAK = YES;
				CLANG_WARN_BLOCK_CAPTURE_AUTORELEASING = YES;
				CLANG_WARN_BOOL_CONVERSION = YES;
				CLANG_WARN_COMMA = YES;
				CLANG_WARN_CONSTANT_CONVERSION = YES;
				CLANG_WARN_DEPRECATED_OBJC_IMPLEMENTATIONS = YES;
				CLANG_WARN_DIRECT_OBJC_ISA_USAGE = YES_ERROR;
				CLANG_WARN_DOCUMENTATION_COMMENTS = YES;
				CLANG_WARN_EMPTY_BODY = YES;
				CLANG_WARN_ENUM_CONVERSION = YES;
				CLANG_WARN_INFINITE_RECURSION = YES;
				CLANG_WARN_INT_CONVERSION = YES;
				CLANG_WARN_NON_LITERAL_NULL_CONVERSION = YES;
				CLANG_WARN_OBJC_IMPLICIT_RETAIN_SELF = YES;
				CLANG_WARN_OBJC_LITERAL_CONVERSION = YES;
				CLANG_WARN_OBJC_ROOT_CLASS = YES_ERROR;
				CLANG_WARN_QUOTED_INCLUDE_IN_FRAMEWORK_HEADER = YES;
				CLANG_WARN_RANGE_LOOP_ANALYSIS = YES;
				CLANG_WARN_STRICT_PROTOTYPES = YES;
				CLANG_WARN_SUSPICIOUS_MOVE = YES;
				CLANG_WARN_UNGUARDED_AVAILABILITY = YES_AGGRESSIVE;
				CLANG_WARN_UNREACHABLE_CODE = YES;
				CLANG_WARN__DUPLICATE_METHOD_MATCH = YES;
				COPY_PHASE_STRIP = NO;
				DEBUG_INFORMATION_FORMAT = "dwarf-with-dsym";
				ENABLE_NS_ASSERTIONS = NO;
				ENABLE_STRICT_OBJC_MSGSEND = YES;
				GCC_C_LANGUAGE_STANDARD = gnu11;
				GCC_NO_COMMON_BLOCKS = YES;
				GCC_WARN_64_TO_32_BIT_CONVERSION = YES;
				GCC_WARN_ABOUT_RETURN_TYPE = YES_ERROR;
				GCC_WARN_UNDECLARED_SELECTOR = YES;
				GCC_WARN_UNINITIALIZED_AUTOS = YES_AGGRESSIVE;
				GCC_WARN_UNUSED_FUNCTION = YES;
				GCC_WARN_UNUSED_VARIABLE = YES;
				IPHONEOS_DEPLOYMENT_TARGET = 14.1;
				MTL_ENABLE_DEBUG_INFO = NO;
				MTL_FAST_MATH = YES;
				SDKROOT = iphoneos;
				SWIFT_COMPILATION_MODE = wholemodule;
				SWIFT_OPTIMIZATION_LEVEL = "-O";
				VALIDATE_PRODUCT = YES;
			};
			name = Release;
		};
		60BFCD7925DFD04700BD9A83 /* Debug */ = {
			isa = XCBuildConfiguration;
			buildSettings = {
				ASSETCATALOG_COMPILER_APPICON_NAME = AppIcon;
				ASSETCATALOG_COMPILER_GLOBAL_ACCENT_COLOR_NAME = AccentColor;
				CODE_SIGN_STYLE = Automatic;
				DEVELOPMENT_ASSET_PATHS = "\"RestarantAppUsingZomatoApi/Preview Content\"";
				DEVELOPMENT_TEAM = DD73F8592Z;
				ENABLE_PREVIEWS = YES;
				INFOPLIST_FILE = RestarantAppUsingZomatoApi/Info.plist;
				LD_RUNPATH_SEARCH_PATHS = (
					"$(inherited)",
					"@executable_path/Frameworks",
				);
				PRODUCT_BUNDLE_IDENTIFIER = knoxpo.RestarantAppUsingZomatoApi;
				PRODUCT_NAME = "$(TARGET_NAME)";
				SWIFT_VERSION = 5.0;
				TARGETED_DEVICE_FAMILY = "1,2";
			};
			name = Debug;
		};
		60BFCD7A25DFD04700BD9A83 /* Release */ = {
			isa = XCBuildConfiguration;
			buildSettings = {
				ASSETCATALOG_COMPILER_APPICON_NAME = AppIcon;
				ASSETCATALOG_COMPILER_GLOBAL_ACCENT_COLOR_NAME = AccentColor;
				CODE_SIGN_STYLE = Automatic;
				DEVELOPMENT_ASSET_PATHS = "\"RestarantAppUsingZomatoApi/Preview Content\"";
				DEVELOPMENT_TEAM = DD73F8592Z;
				ENABLE_PREVIEWS = YES;
				INFOPLIST_FILE = RestarantAppUsingZomatoApi/Info.plist;
				LD_RUNPATH_SEARCH_PATHS = (
					"$(inherited)",
					"@executable_path/Frameworks",
				);
				PRODUCT_BUNDLE_IDENTIFIER = knoxpo.RestarantAppUsingZomatoApi;
				PRODUCT_NAME = "$(TARGET_NAME)";
				SWIFT_VERSION = 5.0;
				TARGETED_DEVICE_FAMILY = "1,2";
			};
			name = Release;
		};
		60BFCD7C25DFD04700BD9A83 /* Debug */ = {
			isa = XCBuildConfiguration;
			buildSettings = {
				ALWAYS_EMBED_SWIFT_STANDARD_LIBRARIES = YES;
				BUNDLE_LOADER = "$(TEST_HOST)";
				CODE_SIGN_STYLE = Automatic;
				DEVELOPMENT_TEAM = DD73F8592Z;
				INFOPLIST_FILE = RestarantAppUsingZomatoApiTests/Info.plist;
				IPHONEOS_DEPLOYMENT_TARGET = 14.1;
				LD_RUNPATH_SEARCH_PATHS = (
					"$(inherited)",
					"@executable_path/Frameworks",
					"@loader_path/Frameworks",
				);
				PRODUCT_BUNDLE_IDENTIFIER = knoxpo.RestarantAppUsingZomatoApiTests;
				PRODUCT_NAME = "$(TARGET_NAME)";
				SWIFT_VERSION = 5.0;
				TARGETED_DEVICE_FAMILY = "1,2";
				TEST_HOST = "$(BUILT_PRODUCTS_DIR)/RestarantAppUsingZomatoApi.app/RestarantAppUsingZomatoApi";
			};
			name = Debug;
		};
		60BFCD7D25DFD04700BD9A83 /* Release */ = {
			isa = XCBuildConfiguration;
			buildSettings = {
				ALWAYS_EMBED_SWIFT_STANDARD_LIBRARIES = YES;
				BUNDLE_LOADER = "$(TEST_HOST)";
				CODE_SIGN_STYLE = Automatic;
				DEVELOPMENT_TEAM = DD73F8592Z;
				INFOPLIST_FILE = RestarantAppUsingZomatoApiTests/Info.plist;
				IPHONEOS_DEPLOYMENT_TARGET = 14.1;
				LD_RUNPATH_SEARCH_PATHS = (
					"$(inherited)",
					"@executable_path/Frameworks",
					"@loader_path/Frameworks",
				);
				PRODUCT_BUNDLE_IDENTIFIER = knoxpo.RestarantAppUsingZomatoApiTests;
				PRODUCT_NAME = "$(TARGET_NAME)";
				SWIFT_VERSION = 5.0;
				TARGETED_DEVICE_FAMILY = "1,2";
				TEST_HOST = "$(BUILT_PRODUCTS_DIR)/RestarantAppUsingZomatoApi.app/RestarantAppUsingZomatoApi";
			};
			name = Release;
		};
		60BFCD7F25DFD04700BD9A83 /* Debug */ = {
			isa = XCBuildConfiguration;
			buildSettings = {
				ALWAYS_EMBED_SWIFT_STANDARD_LIBRARIES = YES;
				CODE_SIGN_STYLE = Automatic;
				DEVELOPMENT_TEAM = DD73F8592Z;
				INFOPLIST_FILE = RestarantAppUsingZomatoApiUITests/Info.plist;
				LD_RUNPATH_SEARCH_PATHS = (
					"$(inherited)",
					"@executable_path/Frameworks",
					"@loader_path/Frameworks",
				);
				PRODUCT_BUNDLE_IDENTIFIER = knoxpo.RestarantAppUsingZomatoApiUITests;
				PRODUCT_NAME = "$(TARGET_NAME)";
				SWIFT_VERSION = 5.0;
				TARGETED_DEVICE_FAMILY = "1,2";
				TEST_TARGET_NAME = RestarantAppUsingZomatoApi;
			};
			name = Debug;
		};
		60BFCD8025DFD04700BD9A83 /* Release */ = {
			isa = XCBuildConfiguration;
			buildSettings = {
				ALWAYS_EMBED_SWIFT_STANDARD_LIBRARIES = YES;
				CODE_SIGN_STYLE = Automatic;
				DEVELOPMENT_TEAM = DD73F8592Z;
				INFOPLIST_FILE = RestarantAppUsingZomatoApiUITests/Info.plist;
				LD_RUNPATH_SEARCH_PATHS = (
					"$(inherited)",
					"@executable_path/Frameworks",
					"@loader_path/Frameworks",
				);
				PRODUCT_BUNDLE_IDENTIFIER = knoxpo.RestarantAppUsingZomatoApiUITests;
				PRODUCT_NAME = "$(TARGET_NAME)";
				SWIFT_VERSION = 5.0;
				TARGETED_DEVICE_FAMILY = "1,2";
				TEST_TARGET_NAME = RestarantAppUsingZomatoApi;
			};
			name = Release;
		};
/* End XCBuildConfiguration section */

/* Begin XCConfigurationList section */
		60BFCD4925DFD04400BD9A83 /* Build configuration list for PBXProject "RestarantAppUsingZomatoApi" */ = {
			isa = XCConfigurationList;
			buildConfigurations = (
				60BFCD7625DFD04700BD9A83 /* Debug */,
				60BFCD7725DFD04700BD9A83 /* Release */,
			);
			defaultConfigurationIsVisible = 0;
			defaultConfigurationName = Release;
		};
		60BFCD7825DFD04700BD9A83 /* Build configuration list for PBXNativeTarget "RestarantAppUsingZomatoApi" */ = {
			isa = XCConfigurationList;
			buildConfigurations = (
				60BFCD7925DFD04700BD9A83 /* Debug */,
				60BFCD7A25DFD04700BD9A83 /* Release */,
			);
			defaultConfigurationIsVisible = 0;
			defaultConfigurationName = Release;
		};
		60BFCD7B25DFD04700BD9A83 /* Build configuration list for PBXNativeTarget "RestarantAppUsingZomatoApiTests" */ = {
			isa = XCConfigurationList;
			buildConfigurations = (
				60BFCD7C25DFD04700BD9A83 /* Debug */,
				60BFCD7D25DFD04700BD9A83 /* Release */,
			);
			defaultConfigurationIsVisible = 0;
			defaultConfigurationName = Release;
		};
		60BFCD7E25DFD04700BD9A83 /* Build configuration list for PBXNativeTarget "RestarantAppUsingZomatoApiUITests" */ = {
			isa = XCConfigurationList;
			buildConfigurations = (
				60BFCD7F25DFD04700BD9A83 /* Debug */,
				60BFCD8025DFD04700BD9A83 /* Release */,
			);
			defaultConfigurationIsVisible = 0;
			defaultConfigurationName = Release;
		};
/* End XCConfigurationList section */
	};
	rootObject = 60BFCD4625DFD04400BD9A83 /* Project object */;
}
